github.com/celrenheit/sandflake v0.0.0-20190410195419-50a943690bc2 h1:/BpnZPo/sk1vPlt62dLya5KCn7PN9ZBDrpTGlQzgUZI=
github.com/celrenheit/sandflake v0.0.0-20190410195419-50a943690bc2/go.mod h1:7L8gY0+4GYeBc9TvqVuDUq7tXuM6Sj7llnt7HkVwWlQ=
github.com/pkg/errors v0.8.0 h1:WdK/asTD0HN+q6hsWO3/vpuAkAr+tw6aNJNDFFf0+qw=
github.com/pkg/errors v0.8.0/go.mod h1:bwawxfHBFNV+L2hUp1rHADufV3IMtnDRdf1r5NINEl0=
github.com/russross/blackfriday v2.0.0+incompatible h1:cBXrhZNUf9C+La9/YpS+UHpUT8YD6Td9ZMSU9APFcsk=
github.com/russross/blackfriday v2.0.0+incompatible/go.mod h1:JO/DiYxRf+HjHt06OyowR9PTA263kcR/rfWxYHBV53g=
github.com/sebest/xff v0.0.0-20160910043805-6c115e0ffa35 h1:eajwn6K3weW5cd1ZXLu2sJ4pvwlBiCWY4uDejOr73gM=
github.com/sebest/xff v0.0.0-20160910043805-6c115e0ffa35/go.mod h1:wozgYq9WEBQBaIJe4YZ0qTSFAMxmcwBhQH0fO0R34Z0=
github.com/shurcooL/sanitized_anchor_name v1.0.0 h1:PdmoCO6wvbs+7yrJyMORt4/BmY5IYyJwS/kOiWx8mHo=
github.com/shurcooL/sanitized_anchor_name v1.0.0/go.mod h1:1NzhyTcUVG4SuEtjjoZeVRXNmyL/1OwPU0+IJeTBvfc=
github.com/snabb/diagio v1.0.0 h1:kovhQ1rDXoEbmpf/T5N2sUp2iOdxEg+TcqzbYVHV2V0=
github.com/snabb/diagio v1.0.0/go.mod h1:ZyGaWFhfBVqstGUw6laYetzeTwZ2xxVPqTALx1QQa1w=
github.com/snabb/sitemap v1.0.0 h1:7vJeNPAaaj7fQSRS3WYuJHzUjdnhLdSLLpvVtnhbzC0=
github.com/snabb/sitemap v1.0.0/go.mod h1:Id8uz1+WYdiNmSjEi4BIvL5UwNPYLsTHzRbjmDwNDzA=
golang.org/x/net v0.0.0-20180811021610-c39426892332 h1:efGso+ep0DjyCBJPjvoz0HI6UldX4Md2F1rZFe1ir0E=
golang.org/x/net v0.0.0-20180811021610-c39426892332/go.mod h1:mL1N/T3taQHkDXs73rZJwtUhF3w3ftmwwsq0BUmARs4=
gopkg.in/check.v1 v0.0.0-20161208181325-20d25e280405/go.mod h1:Co6ibVJAznAaIkqp8huTwlJQCZ016jof/cbN4VW5Yz0=
gopkg.in/yaml.v2 v2.2.7 h1:VUgggvou5XRW9mHwD/yXxIYSMtY0zoKQf/v226p2nyo=
gopkg.in/yaml.v2 v2.2.7/go.mod h1:hI93XBmqTisBFMUTm0b8Fm+jr3Dg1NNxqwp+5A1VGuI=
within.website/ln v0.7.0 h1:cZUc53cZF/+hWuEAv1VbqlYJ5czuPFHKfH0hLKmlIUA=
within.website/ln v0.7.0/go.mod h1:ifURKqsCJekcsdUE+hyCdcuhQqQ+9v9DfA++ZqYxZFE=
